// !$*UTF8*$!
{
	archiveVersion = 1;
	classes = {
	};
	objectVersion = 55;
	objects = {

/* Begin PBXBuildFile section */
		4BB1D832F94668AD7CB6F796 /* Pods_PillApp.framework in Frameworks */ = {isa = PBXBuildFile; fileRef = C0E3FCC8911FB31D867A180F /* Pods_PillApp.framework */; };
		E493233727DE4FBE003CAB9D /* SetPillsTableViewController.swift in Sources */ = {isa = PBXBuildFile; fileRef = E493233627DE4FBE003CAB9D /* SetPillsTableViewController.swift */; };
		E49A26FA27EA0EEA004B7BB9 /* PillCell.swift in Sources */ = {isa = PBXBuildFile; fileRef = E49A26F927EA0EEA004B7BB9 /* PillCell.swift */; };
		E4A89FE327DA5F35005236B4 /* AppDelegate.swift in Sources */ = {isa = PBXBuildFile; fileRef = E4A89FE227DA5F35005236B4 /* AppDelegate.swift */; };
		E4A89FE527DA5F35005236B4 /* SceneDelegate.swift in Sources */ = {isa = PBXBuildFile; fileRef = E4A89FE427DA5F35005236B4 /* SceneDelegate.swift */; };
		E4A89FEA27DA5F35005236B4 /* Main.storyboard in Resources */ = {isa = PBXBuildFile; fileRef = E4A89FE827DA5F35005236B4 /* Main.storyboard */; };
		E4A89FED27DA5F35005236B4 /* PillApp.xcdatamodeld in Sources */ = {isa = PBXBuildFile; fileRef = E4A89FEB27DA5F35005236B4 /* PillApp.xcdatamodeld */; };
		E4A89FEF27DA5F36005236B4 /* Assets.xcassets in Resources */ = {isa = PBXBuildFile; fileRef = E4A89FEE27DA5F36005236B4 /* Assets.xcassets */; };
		E4A89FF227DA5F36005236B4 /* LaunchScreen.storyboard in Resources */ = {isa = PBXBuildFile; fileRef = E4A89FF027DA5F36005236B4 /* LaunchScreen.storyboard */; };
		E4A89FFA27DA6F13005236B4 /* PillsTableViewController.swift in Sources */ = {isa = PBXBuildFile; fileRef = E4A89FF927DA6F12005236B4 /* PillsTableViewController.swift */; };
		E4DB6A9A27E7742600D88F5F /* PillModel.swift in Sources */ = {isa = PBXBuildFile; fileRef = E4DB6A9927E7742600D88F5F /* PillModel.swift */; };
		E4DB6A9C27E774A100D88F5F /* DataManager.swift in Sources */ = {isa = PBXBuildFile; fileRef = E4DB6A9B27E774A100D88F5F /* DataManager.swift */; };
		E4DB6AA127E787DE00D88F5F /* StorageManager.swift in Sources */ = {isa = PBXBuildFile; fileRef = E4DB6AA027E787DE00D88F5F /* StorageManager.swift */; };
/* End PBXBuildFile section */

/* Begin PBXFileReference section */
		7B1997590D513C85F8743E7D /* Pods-PillApp.debug.xcconfig */ = {isa = PBXFileReference; includeInIndex = 1; lastKnownFileType = text.xcconfig; name = "Pods-PillApp.debug.xcconfig"; path = "Target Support Files/Pods-PillApp/Pods-PillApp.debug.xcconfig"; sourceTree = "<group>"; };
		BB1223D0E7F1CB5A26F18A93 /* Pods-PillApp.release.xcconfig */ = {isa = PBXFileReference; includeInIndex = 1; lastKnownFileType = text.xcconfig; name = "Pods-PillApp.release.xcconfig"; path = "Target Support Files/Pods-PillApp/Pods-PillApp.release.xcconfig"; sourceTree = "<group>"; };
		C0E3FCC8911FB31D867A180F /* Pods_PillApp.framework */ = {isa = PBXFileReference; explicitFileType = wrapper.framework; includeInIndex = 0; path = Pods_PillApp.framework; sourceTree = BUILT_PRODUCTS_DIR; };
		E493233627DE4FBE003CAB9D /* SetPillsTableViewController.swift */ = {isa = PBXFileReference; lastKnownFileType = sourcecode.swift; path = SetPillsTableViewController.swift; sourceTree = "<group>"; };
		E49A26F927EA0EEA004B7BB9 /* PillCell.swift */ = {isa = PBXFileReference; lastKnownFileType = sourcecode.swift; path = PillCell.swift; sourceTree = "<group>"; };
		E4A89FDF27DA5F35005236B4 /* PillApp.app */ = {isa = PBXFileReference; explicitFileType = wrapper.application; includeInIndex = 0; path = PillApp.app; sourceTree = BUILT_PRODUCTS_DIR; };
		E4A89FE227DA5F35005236B4 /* AppDelegate.swift */ = {isa = PBXFileReference; lastKnownFileType = sourcecode.swift; path = AppDelegate.swift; sourceTree = "<group>"; };
		E4A89FE427DA5F35005236B4 /* SceneDelegate.swift */ = {isa = PBXFileReference; lastKnownFileType = sourcecode.swift; path = SceneDelegate.swift; sourceTree = "<group>"; };
		E4A89FE927DA5F35005236B4 /* Base */ = {isa = PBXFileReference; lastKnownFileType = file.storyboard; name = Base; path = Base.lproj/Main.storyboard; sourceTree = "<group>"; };
		E4A89FEC27DA5F35005236B4 /* PillApp.xcdatamodel */ = {isa = PBXFileReference; lastKnownFileType = wrapper.xcdatamodel; path = PillApp.xcdatamodel; sourceTree = "<group>"; };
		E4A89FEE27DA5F36005236B4 /* Assets.xcassets */ = {isa = PBXFileReference; lastKnownFileType = folder.assetcatalog; path = Assets.xcassets; sourceTree = "<group>"; };
		E4A89FF127DA5F36005236B4 /* Base */ = {isa = PBXFileReference; lastKnownFileType = file.storyboard; name = Base; path = Base.lproj/LaunchScreen.storyboard; sourceTree = "<group>"; };
		E4A89FF327DA5F36005236B4 /* Info.plist */ = {isa = PBXFileReference; lastKnownFileType = text.plist.xml; path = Info.plist; sourceTree = "<group>"; };
		E4A89FF927DA6F12005236B4 /* PillsTableViewController.swift */ = {isa = PBXFileReference; lastKnownFileType = sourcecode.swift; path = PillsTableViewController.swift; sourceTree = "<group>"; };
		E4DB6A9927E7742600D88F5F /* PillModel.swift */ = {isa = PBXFileReference; lastKnownFileType = sourcecode.swift; path = PillModel.swift; sourceTree = "<group>"; };
		E4DB6A9B27E774A100D88F5F /* DataManager.swift */ = {isa = PBXFileReference; lastKnownFileType = sourcecode.swift; path = DataManager.swift; sourceTree = "<group>"; };
		E4DB6AA027E787DE00D88F5F /* StorageManager.swift */ = {isa = PBXFileReference; lastKnownFileType = sourcecode.swift; path = StorageManager.swift; sourceTree = "<group>"; };
/* End PBXFileReference section */

/* Begin PBXFrameworksBuildPhase section */
		E4A89FDC27DA5F35005236B4 /* Frameworks */ = {
			isa = PBXFrameworksBuildPhase;
			buildActionMask = 2147483647;
			files = (
				4BB1D832F94668AD7CB6F796 /* Pods_PillApp.framework in Frameworks */,
			);
			runOnlyForDeploymentPostprocessing = 0;
		};
/* End PBXFrameworksBuildPhase section */

/* Begin PBXGroup section */
		9219E7FA4B431FD450F74E9E /* Frameworks */ = {
			isa = PBXGroup;
			children = (
				C0E3FCC8911FB31D867A180F /* Pods_PillApp.framework */,
			);
			name = Frameworks;
			sourceTree = "<group>";
		};
		AC11CFF2AA24F7CC145CE784 /* Pods */ = {
			isa = PBXGroup;
			children = (
				7B1997590D513C85F8743E7D /* Pods-PillApp.debug.xcconfig */,
				BB1223D0E7F1CB5A26F18A93 /* Pods-PillApp.release.xcconfig */,
			);
			path = Pods;
			sourceTree = "<group>";
		};
		E4A89FD627DA5F35005236B4 = {
			isa = PBXGroup;
			children = (
				E4A89FE127DA5F35005236B4 /* PillApp */,
				E4A89FE027DA5F35005236B4 /* Products */,
				AC11CFF2AA24F7CC145CE784 /* Pods */,
				9219E7FA4B431FD450F74E9E /* Frameworks */,
			);
			sourceTree = "<group>";
		};
		E4A89FE027DA5F35005236B4 /* Products */ = {
			isa = PBXGroup;
			children = (
				E4A89FDF27DA5F35005236B4 /* PillApp.app */,
			);
			name = Products;
			sourceTree = "<group>";
		};
		E4A89FE127DA5F35005236B4 /* PillApp */ = {
			isa = PBXGroup;
			children = (
				E4A89FE227DA5F35005236B4 /* AppDelegate.swift */,
				E4A89FE427DA5F35005236B4 /* SceneDelegate.swift */,
				E4DB6A9F27E77B1100D88F5F /* Services */,
				E4DB6A9D27E7765700D88F5F /* Models */,
				E4DB6A9E27E777C000D88F5F /* ViewControllers */,
				E4A89FE827DA5F35005236B4 /* Main.storyboard */,
				E4A89FEE27DA5F36005236B4 /* Assets.xcassets */,
				E4A89FF027DA5F36005236B4 /* LaunchScreen.storyboard */,
				E4A89FF327DA5F36005236B4 /* Info.plist */,
				E4A89FEB27DA5F35005236B4 /* PillApp.xcdatamodeld */,
			);
			path = PillApp;
			sourceTree = "<group>";
		};
		E4DB6A9D27E7765700D88F5F /* Models */ = {
			isa = PBXGroup;
			children = (
				E4DB6A9927E7742600D88F5F /* PillModel.swift */,
			);
			path = Models;
			sourceTree = "<group>";
		};
		E4DB6A9E27E777C000D88F5F /* ViewControllers */ = {
			isa = PBXGroup;
			children = (
				E4A89FF927DA6F12005236B4 /* PillsTableViewController.swift */,
				E493233627DE4FBE003CAB9D /* SetPillsTableViewController.swift */,
				E49A26F927EA0EEA004B7BB9 /* PillCell.swift */,
			);
			path = ViewControllers;
			sourceTree = "<group>";
		};
		E4DB6A9F27E77B1100D88F5F /* Services */ = {
			isa = PBXGroup;
			children = (
				E4DB6A9B27E774A100D88F5F /* DataManager.swift */,
				E4DB6AA027E787DE00D88F5F /* StorageManager.swift */,
			);
			path = Services;
			sourceTree = "<group>";
		};
/* End PBXGroup section */

/* Begin PBXNativeTarget section */
		E4A89FDE27DA5F35005236B4 /* PillApp */ = {
			isa = PBXNativeTarget;
			buildConfigurationList = E4A89FF627DA5F36005236B4 /* Build configuration list for PBXNativeTarget "PillApp" */;
			buildPhases = (
				26EC6FE0B92A6CB8E4283AA6 /* [CP] Check Pods Manifest.lock */,
				E4A89FDB27DA5F35005236B4 /* Sources */,
				E4A89FDC27DA5F35005236B4 /* Frameworks */,
				E4A89FDD27DA5F35005236B4 /* Resources */,
				CD94925B9B4A504760D441D6 /* [CP] Embed Pods Frameworks */,
			);
			buildRules = (
			);
			dependencies = (
			);
			name = PillApp;
			productName = PillApp;
			productReference = E4A89FDF27DA5F35005236B4 /* PillApp.app */;
			productType = "com.apple.product-type.application";
		};
/* End PBXNativeTarget section */

/* Begin PBXProject section */
		E4A89FD727DA5F35005236B4 /* Project object */ = {
			isa = PBXProject;
			attributes = {
				BuildIndependentTargetsInParallel = 1;
				LastSwiftUpdateCheck = 1320;
				LastUpgradeCheck = 1320;
				TargetAttributes = {
					E4A89FDE27DA5F35005236B4 = {
						CreatedOnToolsVersion = 13.2.1;
					};
				};
			};
			buildConfigurationList = E4A89FDA27DA5F35005236B4 /* Build configuration list for PBXProject "PillApp" */;
			compatibilityVersion = "Xcode 13.0";
			developmentRegion = en;
			hasScannedForEncodings = 0;
			knownRegions = (
				en,
				Base,
			);
			mainGroup = E4A89FD627DA5F35005236B4;
			productRefGroup = E4A89FE027DA5F35005236B4 /* Products */;
			projectDirPath = "";
			projectRoot = "";
			targets = (
				E4A89FDE27DA5F35005236B4 /* PillApp */,
			);
		};
/* End PBXProject section */

/* Begin PBXResourcesBuildPhase section */
		E4A89FDD27DA5F35005236B4 /* Resources */ = {
			isa = PBXResourcesBuildPhase;
			buildActionMask = 2147483647;
			files = (
				E4A89FF227DA5F36005236B4 /* LaunchScreen.storyboard in Resources */,
				E4A89FEF27DA5F36005236B4 /* Assets.xcassets in Resources */,
				E4A89FEA27DA5F35005236B4 /* Main.storyboard in Resources */,
			);
			runOnlyForDeploymentPostprocessing = 0;
		};
/* End PBXResourcesBuildPhase section */

/* Begin PBXShellScriptBuildPhase section */
		26EC6FE0B92A6CB8E4283AA6 /* [CP] Check Pods Manifest.lock */ = {
			isa = PBXShellScriptBuildPhase;
			buildActionMask = 2147483647;
			files = (
			);
			inputFileListPaths = (
			);
			inputPaths = (
				"${PODS_PODFILE_DIR_PATH}/Podfile.lock",
				"${PODS_ROOT}/Manifest.lock",
			);
			name = "[CP] Check Pods Manifest.lock";
			outputFileListPaths = (
			);
			outputPaths = (
				"$(DERIVED_FILE_DIR)/Pods-PillApp-checkManifestLockResult.txt",
			);
			runOnlyForDeploymentPostprocessing = 0;
			shellPath = /bin/sh;
			shellScript = "diff \"${PODS_PODFILE_DIR_PATH}/Podfile.lock\" \"${PODS_ROOT}/Manifest.lock\" > /dev/null\nif [ $? != 0 ] ; then\n    # print error to STDERR\n    echo \"error: The sandbox is not in sync with the Podfile.lock. Run 'pod install' or update your CocoaPods installation.\" >&2\n    exit 1\nfi\n# This output is used by Xcode 'outputs' to avoid re-running this script phase.\necho \"SUCCESS\" > \"${SCRIPT_OUTPUT_FILE_0}\"\n";
			showEnvVarsInLog = 0;
		};
		CD94925B9B4A504760D441D6 /* [CP] Embed Pods Frameworks */ = {
			isa = PBXShellScriptBuildPhase;
			buildActionMask = 2147483647;
			files = (
			);
			inputFileListPaths = (
				"${PODS_ROOT}/Target Support Files/Pods-PillApp/Pods-PillApp-frameworks-${CONFIGURATION}-input-files.xcfilelist",
			);
			name = "[CP] Embed Pods Frameworks";
			outputFileListPaths = (
				"${PODS_ROOT}/Target Support Files/Pods-PillApp/Pods-PillApp-frameworks-${CONFIGURATION}-output-files.xcfilelist",
			);
			runOnlyForDeploymentPostprocessing = 0;
			shellPath = /bin/sh;
			shellScript = "\"${PODS_ROOT}/Target Support Files/Pods-PillApp/Pods-PillApp-frameworks.sh\"\n";
			showEnvVarsInLog = 0;
		};
/* End PBXShellScriptBuildPhase section */

/* Begin PBXSourcesBuildPhase section */
		E4A89FDB27DA5F35005236B4 /* Sources */ = {
			isa = PBXSourcesBuildPhase;
			buildActionMask = 2147483647;
			files = (
				E4A89FFA27DA6F13005236B4 /* PillsTableViewController.swift in Sources */,
				E493233727DE4FBE003CAB9D /* SetPillsTableViewController.swift in Sources */,
				E4DB6A9A27E7742600D88F5F /* PillModel.swift in Sources */,
				E4DB6A9C27E774A100D88F5F /* DataManager.swift in Sources */,
				E49A26FA27EA0EEA004B7BB9 /* PillCell.swift in Sources */,
				E4A89FE327DA5F35005236B4 /* AppDelegate.swift in Sources */,
				E4A89FED27DA5F35005236B4 /* PillApp.xcdatamodeld in Sources */,
				E4A89FE527DA5F35005236B4 /* SceneDelegate.swift in Sources */,
				E4DB6AA127E787DE00D88F5F /* StorageManager.swift in Sources */,
			);
			runOnlyForDeploymentPostprocessing = 0;
		};
/* End PBXSourcesBuildPhase section */

/* Begin PBXVariantGroup section */
		E4A89FE827DA5F35005236B4 /* Main.storyboard */ = {
			isa = PBXVariantGroup;
			children = (
				E4A89FE927DA5F35005236B4 /* Base */,
			);
			name = Main.storyboard;
			sourceTree = "<group>";
		};
		E4A89FF027DA5F36005236B4 /* LaunchScreen.storyboard */ = {
			isa = PBXVariantGroup;
			children = (
				E4A89FF127DA5F36005236B4 /* Base */,
			);
			name = LaunchScreen.storyboard;
			sourceTree = "<group>";
		};
/* End PBXVariantGroup section */

/* Begin XCBuildConfiguration section */
		E4A89FF427DA5F36005236B4 /* Debug */ = {
			isa = XCBuildConfiguration;
			buildSettings = {
				ALWAYS_SEARCH_USER_PATHS = NO;
				CLANG_ANALYZER_NONNULL = YES;
				CLANG_ANALYZER_NUMBER_OBJECT_CONVERSION = YES_AGGRESSIVE;
				CLANG_CXX_LANGUAGE_STANDARD = "gnu++17";
				CLANG_CXX_LIBRARY = "libc++";
				CLANG_ENABLE_MODULES = YES;
				CLANG_ENABLE_OBJC_ARC = YES;
				CLANG_ENABLE_OBJC_WEAK = YES;
				CLANG_WARN_BLOCK_CAPTURE_AUTORELEASING = YES;
				CLANG_WARN_BOOL_CONVERSION = YES;
				CLANG_WARN_COMMA = YES;
				CLANG_WARN_CONSTANT_CONVERSION = YES;
				CLANG_WARN_DEPRECATED_OBJC_IMPLEMENTATIONS = YES;
				CLANG_WARN_DIRECT_OBJC_ISA_USAGE = YES_ERROR;
				CLANG_WARN_DOCUMENTATION_COMMENTS = YES;
				CLANG_WARN_EMPTY_BODY = YES;
				CLANG_WARN_ENUM_CONVERSION = YES;
				CLANG_WARN_INFINITE_RECURSION = YES;
				CLANG_WARN_INT_CONVERSION = YES;
				CLANG_WARN_NON_LITERAL_NULL_CONVERSION = YES;
				CLANG_WARN_OBJC_IMPLICIT_RETAIN_SELF = YES;
				CLANG_WARN_OBJC_LITERAL_CONVERSION = YES;
				CLANG_WARN_OBJC_ROOT_CLASS = YES_ERROR;
				CLANG_WARN_QUOTED_INCLUDE_IN_FRAMEWORK_HEADER = YES;
				CLANG_WARN_RANGE_LOOP_ANALYSIS = YES;
				CLANG_WARN_STRICT_PROTOTYPES = YES;
				CLANG_WARN_SUSPICIOUS_MOVE = YES;
				CLANG_WARN_UNGUARDED_AVAILABILITY = YES_AGGRESSIVE;
				CLANG_WARN_UNREACHABLE_CODE = YES;
				CLANG_WARN__DUPLICATE_METHOD_MATCH = YES;
				COPY_PHASE_STRIP = NO;
				DEBUG_INFORMATION_FORMAT = dwarf;
				ENABLE_STRICT_OBJC_MSGSEND = YES;
				ENABLE_TESTABILITY = YES;
				GCC_C_LANGUAGE_STANDARD = gnu11;
				GCC_DYNAMIC_NO_PIC = NO;
				GCC_NO_COMMON_BLOCKS = YES;
				GCC_OPTIMIZATION_LEVEL = 0;
				GCC_PREPROCESSOR_DEFINITIONS = (
					"DEBUG=1",
					"$(inherited)",
				);
				GCC_WARN_64_TO_32_BIT_CONVERSION = YES;
				GCC_WARN_ABOUT_RETURN_TYPE = YES_ERROR;
				GCC_WARN_UNDECLARED_SELECTOR = YES;
				GCC_WARN_UNINITIALIZED_AUTOS = YES_AGGRESSIVE;
				GCC_WARN_UNUSED_FUNCTION = YES;
				GCC_WARN_UNUSED_VARIABLE = YES;
				IPHONEOS_DEPLOYMENT_TARGET = 15.2;
				MTL_ENABLE_DEBUG_INFO = INCLUDE_SOURCE;
				MTL_FAST_MATH = YES;
				ONLY_ACTIVE_ARCH = YES;
				SDKROOT = iphoneos;
				SWIFT_ACTIVE_COMPILATION_CONDITIONS = DEBUG;
				SWIFT_OPTIMIZATION_LEVEL = "-Onone";
			};
			name = Debug;
		};
		E4A89FF527DA5F36005236B4 /* Release */ = {
			isa = XCBuildConfiguration;
			buildSettings = {
				ALWAYS_SEARCH_USER_PATHS = NO;
				CLANG_ANALYZER_NONNULL = YES;
				CLANG_ANALYZER_NUMBER_OBJECT_CONVERSION = YES_AGGRESSIVE;
				CLANG_CXX_LANGUAGE_STANDARD = "gnu++17";
				CLANG_CXX_LIBRARY = "libc++";
				CLANG_ENABLE_MODULES = YES;
				CLANG_ENABLE_OBJC_ARC = YES;
				CLANG_ENABLE_OBJC_WEAK = YES;
				CLANG_WARN_BLOCK_CAPTURE_AUTORELEASING = YES;
				CLANG_WARN_BOOL_CONVERSION = YES;
				CLANG_WARN_COMMA = YES;
				CLANG_WARN_CONSTANT_CONVERSION = YES;
				CLANG_WARN_DEPRECATED_OBJC_IMPLEMENTATIONS = YES;
				CLANG_WARN_DIRECT_OBJC_ISA_USAGE = YES_ERROR;
				CLANG_WARN_DOCUMENTATION_COMMENTS = YES;
				CLANG_WARN_EMPTY_BODY = YES;
				CLANG_WARN_ENUM_CONVERSION = YES;
				CLANG_WARN_INFINITE_RECURSION = YES;
				CLANG_WARN_INT_CONVERSION = YES;
				CLANG_WARN_NON_LITERAL_NULL_CONVERSION = YES;
				CLANG_WARN_OBJC_IMPLICIT_RETAIN_SELF = YES;
				CLANG_WARN_OBJC_LITERAL_CONVERSION = YES;
				CLANG_WARN_OBJC_ROOT_CLASS = YES_ERROR;
				CLANG_WARN_QUOTED_INCLUDE_IN_FRAMEWORK_HEADER = YES;
				CLANG_WARN_RANGE_LOOP_ANALYSIS = YES;
				CLANG_WARN_STRICT_PROTOTYPES = YES;
				CLANG_WARN_SUSPICIOUS_MOVE = YES;
				CLANG_WARN_UNGUARDED_AVAILABILITY = YES_AGGRESSIVE;
				CLANG_WARN_UNREACHABLE_CODE = YES;
				CLANG_WARN__DUPLICATE_METHOD_MATCH = YES;
				COPY_PHASE_STRIP = NO;
				DEBUG_INFORMATION_FORMAT = "dwarf-with-dsym";
				ENABLE_NS_ASSERTIONS = NO;
				ENABLE_STRICT_OBJC_MSGSEND = YES;
				GCC_C_LANGUAGE_STANDARD = gnu11;
				GCC_NO_COMMON_BLOCKS = YES;
				GCC_WARN_64_TO_32_BIT_CONVERSION = YES;
				GCC_WARN_ABOUT_RETURN_TYPE = YES_ERROR;
				GCC_WARN_UNDECLARED_SELECTOR = YES;
				GCC_WARN_UNINITIALIZED_AUTOS = YES_AGGRESSIVE;
				GCC_WARN_UNUSED_FUNCTION = YES;
				GCC_WARN_UNUSED_VARIABLE = YES;
				IPHONEOS_DEPLOYMENT_TARGET = 15.2;
				MTL_ENABLE_DEBUG_INFO = NO;
				MTL_FAST_MATH = YES;
				SDKROOT = iphoneos;
				SWIFT_COMPILATION_MODE = wholemodule;
				SWIFT_OPTIMIZATION_LEVEL = "-O";
				VALIDATE_PRODUCT = YES;
			};
			name = Release;
		};
		E4A89FF727DA5F36005236B4 /* Debug */ = {
			isa = XCBuildConfiguration;
			baseConfigurationReference = 7B1997590D513C85F8743E7D /* Pods-PillApp.debug.xcconfig */;
			buildSettings = {
				ASSETCATALOG_COMPILER_APPICON_NAME = AppIcon;
				ASSETCATALOG_COMPILER_GLOBAL_ACCENT_COLOR_NAME = AccentColor;
				CODE_SIGN_STYLE = Automatic;
				CURRENT_PROJECT_VERSION = 1;
				DEVELOPMENT_TEAM = 4297UD4G24;
				GENERATE_INFOPLIST_FILE = YES;
				INFOPLIST_FILE = PillApp/Info.plist;
				INFOPLIST_KEY_UIApplicationSupportsIndirectInputEvents = YES;
				INFOPLIST_KEY_UILaunchStoryboardName = LaunchScreen;
				INFOPLIST_KEY_UIMainStoryboardFile = Main;
				INFOPLIST_KEY_UISupportedInterfaceOrientations_iPad = "UIInterfaceOrientationPortrait UIInterfaceOrientationPortraitUpsideDown UIInterfaceOrientationLandscapeLeft UIInterfaceOrientationLandscapeRight";
				INFOPLIST_KEY_UISupportedInterfaceOrientations_iPhone = "UIInterfaceOrientationPortrait UIInterfaceOrientationLandscapeLeft UIInterfaceOrientationLandscapeRight";
				LD_RUNPATH_SEARCH_PATHS = (
					"$(inherited)",
					"@executable_path/Frameworks",
				);
				MARKETING_VERSION = 1.0;
				PRODUCT_BUNDLE_IDENTIFIER = anvar.PillApp;
				PRODUCT_NAME = "$(TARGET_NAME)";
				SWIFT_EMIT_LOC_STRINGS = YES;
				SWIFT_VERSION = 5.0;
				TARGETED_DEVICE_FAMILY = "1,2";
			};
			name = Debug;
		};
		E4A89FF827DA5F36005236B4 /* Release */ = {
			isa = XCBuildConfiguration;
			baseConfigurationReference = BB1223D0E7F1CB5A26F18A93 /* Pods-PillApp.release.xcconfig */;
			buildSettings = {
				ASSETCATALOG_COMPILER_APPICON_NAME = AppIcon;
				ASSETCATALOG_COMPILER_GLOBAL_ACCENT_COLOR_NAME = AccentColor;
				CODE_SIGN_STYLE = Automatic;
				CURRENT_PROJECT_VERSION = 1;
				DEVELOPMENT_TEAM = 4297UD4G24;
				GENERATE_INFOPLIST_FILE = YES;
				INFOPLIST_FILE = PillApp/Info.plist;
				INFOPLIST_KEY_UIApplicationSupportsIndirectInputEvents = YES;
				INFOPLIST_KEY_UILaunchStoryboardName = LaunchScreen;
				INFOPLIST_KEY_UIMainStoryboardFile = Main;
				INFOPLIST_KEY_UISupportedInterfaceOrientations_iPad = "UIInterfaceOrientationPortrait UIInterfaceOrientationPortraitUpsideDown UIInterfaceOrientationLandscapeLeft UIInterfaceOrientationLandscapeRight";
				INFOPLIST_KEY_UISupportedInterfaceOrientations_iPhone = "UIInterfaceOrientationPortrait UIInterfaceOrientationLandscapeLeft UIInterfaceOrientationLandscapeRight";
				LD_RUNPATH_SEARCH_PATHS = (
					"$(inherited)",
					"@executable_path/Frameworks",
				);
				MARKETING_VERSION = 1.0;
				PRODUCT_BUNDLE_IDENTIFIER = anvar.PillApp;
				PRODUCT_NAME = "$(TARGET_NAME)";
				SWIFT_EMIT_LOC_STRINGS = YES;
				SWIFT_VERSION = 5.0;
				TARGETED_DEVICE_FAMILY = "1,2";
			};
			name = Release;
		};
/* End XCBuildConfiguration section */

/* Begin XCConfigurationList section */
		E4A89FDA27DA5F35005236B4 /* Build configuration list for PBXProject "PillApp" */ = {
			isa = XCConfigurationList;
			buildConfigurations = (
				E4A89FF427DA5F36005236B4 /* Debug */,
				E4A89FF527DA5F36005236B4 /* Release */,
			);
			defaultConfigurationIsVisible = 0;
			defaultConfigurationName = Release;
		};
		E4A89FF627DA5F36005236B4 /* Build configuration list for PBXNativeTarget "PillApp" */ = {
			isa = XCConfigurationList;
			buildConfigurations = (
				E4A89FF727DA5F36005236B4 /* Debug */,
				E4A89FF827DA5F36005236B4 /* Release */,
			);
			defaultConfigurationIsVisible = 0;
			defaultConfigurationName = Release;
		};
/* End XCConfigurationList section */

/* Begin XCVersionGroup section */
		E4A89FEB27DA5F35005236B4 /* PillApp.xcdatamodeld */ = {
			isa = XCVersionGroup;
			children = (
				E4A89FEC27DA5F35005236B4 /* PillApp.xcdatamodel */,
			);
			currentVersion = E4A89FEC27DA5F35005236B4 /* PillApp.xcdatamodel */;
			path = PillApp.xcdatamodeld;
			sourceTree = "<group>";
			versionGroupType = wrapper.xcdatamodel;
		};
/* End XCVersionGroup section */
	};
	rootObject = E4A89FD727DA5F35005236B4 /* Project object */;
}
